// !$*UTF8*$!
{
	archiveVersion = 1;
	classes = {
	};
	objectVersion = 46;
	objects = {

/* Begin PBXBuildFile section */
		84FC9F081F0E609800B64FBB /* AppDelegate.swift in Sources */ = {isa = PBXBuildFile; fileRef = 84FC9F011F0E609800B64FBB /* AppDelegate.swift */; };
		84FC9F091F0E609800B64FBB /* Assets.xcassets in Resources */ = {isa = PBXBuildFile; fileRef = 84FC9F021F0E609800B64FBB /* Assets.xcassets */; };
		84FC9F0B1F0E609800B64FBB /* ChildExampleViewController.swift in Sources */ = {isa = PBXBuildFile; fileRef = 84FC9F041F0E609800B64FBB /* ChildExampleViewController.swift */; };
		84FC9F0D1F0E609800B64FBB /* ViewController.swift in Sources */ = {isa = PBXBuildFile; fileRef = 84FC9F061F0E609800B64FBB /* ViewController.swift */; };
		84FC9F0E1F0E609800B64FBB /* XLPagerTabStrip.framework in Frameworks */ = {isa = PBXBuildFile; fileRef = 84FC9F071F0E609800B64FBB /* XLPagerTabStrip.framework */; };
		84FC9F0F1F0E60E600B64FBB /* Info.plist in Resources */ = {isa = PBXBuildFile; fileRef = 84FC9F051F0E609800B64FBB /* Info.plist */; };
		84FC9F101F0E613800B64FBB /* XLPagerTabStrip.framework in Frameworks */ = {isa = PBXBuildFile; fileRef = 84FC9F071F0E609800B64FBB /* XLPagerTabStrip.framework */; };
		84FC9F111F0E613800B64FBB /* XLPagerTabStrip.framework in Embed Frameworks */ = {isa = PBXBuildFile; fileRef = 84FC9F071F0E609800B64FBB /* XLPagerTabStrip.framework */; settings = {ATTRIBUTES = (CodeSignOnCopy, RemoveHeadersOnCopy, ); }; };
		84FC9F171F0E616E00B64FBB /* LaunchScreen.storyboard in Resources */ = {isa = PBXBuildFile; fileRef = 84FC9F131F0E616E00B64FBB /* LaunchScreen.storyboard */; };
		84FC9F181F0E616E00B64FBB /* Main.storyboard in Resources */ = {isa = PBXBuildFile; fileRef = 84FC9F151F0E616E00B64FBB /* Main.storyboard */; };
/* End PBXBuildFile section */

/* Begin PBXCopyFilesBuildPhase section */
		84FC9EFB1F0E3F8A00B64FBB /* Embed Frameworks */ = {
			isa = PBXCopyFilesBuildPhase;
			buildActionMask = 2147483647;
			dstPath = "";
			dstSubfolderSpec = 10;
			files = (
				84FC9F111F0E613800B64FBB /* XLPagerTabStrip.framework in Embed Frameworks */,
			);
			name = "Embed Frameworks";
			runOnlyForDeploymentPostprocessing = 0;
		};
/* End PBXCopyFilesBuildPhase section */

/* Begin PBXFileReference section */
		84FC9EE21F0E3ED100B64FBB /* AndroidLikeTab.app */ = {isa = PBXFileReference; explicitFileType = wrapper.application; includeInIndex = 0; path = AndroidLikeTab.app; sourceTree = BUILT_PRODUCTS_DIR; };
		84FC9F011F0E609800B64FBB /* AppDelegate.swift */ = {isa = PBXFileReference; fileEncoding = 4; lastKnownFileType = sourcecode.swift; name = AppDelegate.swift; path = AndroidLikeTab/AppDelegate.swift; sourceTree = "<group>"; };
		84FC9F021F0E609800B64FBB /* Assets.xcassets */ = {isa = PBXFileReference; lastKnownFileType = folder.assetcatalog; name = Assets.xcassets; path = AndroidLikeTab/Assets.xcassets; sourceTree = "<group>"; };
		84FC9F041F0E609800B64FBB /* ChildExampleViewController.swift */ = {isa = PBXFileReference; fileEncoding = 4; lastKnownFileType = sourcecode.swift; name = ChildExampleViewController.swift; path = AndroidLikeTab/ChildExampleViewController.swift; sourceTree = "<group>"; };
		84FC9F051F0E609800B64FBB /* Info.plist */ = {isa = PBXFileReference; fileEncoding = 4; lastKnownFileType = text.plist.xml; name = Info.plist; path = AndroidLikeTab/Info.plist; sourceTree = "<group>"; };
		84FC9F061F0E609800B64FBB /* ViewController.swift */ = {isa = PBXFileReference; fileEncoding = 4; lastKnownFileType = sourcecode.swift; name = ViewController.swift; path = AndroidLikeTab/ViewController.swift; sourceTree = "<group>"; };
		84FC9F071F0E609800B64FBB /* XLPagerTabStrip.framework */ = {isa = PBXFileReference; lastKnownFileType = wrapper.framework; name = XLPagerTabStrip.framework; path = AndroidLikeTab/XLPagerTabStrip.framework; sourceTree = "<group>"; };
		84FC9F141F0E616E00B64FBB /* Base */ = {isa = PBXFileReference; lastKnownFileType = file.storyboard; name = Base; path = AndroidLikeTab/Base.lproj/LaunchScreen.storyboard; sourceTree = "<group>"; };
		84FC9F161F0E616E00B64FBB /* Base */ = {isa = PBXFileReference; lastKnownFileType = file.storyboard; name = Base; path = AndroidLikeTab/Base.lproj/Main.storyboard; sourceTree = "<group>"; };
/* End PBXFileReference section */

/* Begin PBXFrameworksBuildPhase section */
		84FC9EDF1F0E3ED100B64FBB /* Frameworks */ = {
			isa = PBXFrameworksBuildPhase;
			buildActionMask = 2147483647;
			files = (
				84FC9F0E1F0E609800B64FBB /* XLPagerTabStrip.framework in Frameworks */,
				84FC9F101F0E613800B64FBB /* XLPagerTabStrip.framework in Frameworks */,
			);
			runOnlyForDeploymentPostprocessing = 0;
		};
/* End PBXFrameworksBuildPhase section */

/* Begin PBXGroup section */
		84FC9ED91F0E3ED100B64FBB = {
			isa = PBXGroup;
			children = (
				84FC9F001F0E608B00B64FBB /* AndroidLikeTab */,
				84FC9EE31F0E3ED100B64FBB /* Products */,
			);
			sourceTree = "<group>";
		};
		84FC9EE31F0E3ED100B64FBB /* Products */ = {
			isa = PBXGroup;
			children = (
				84FC9EE21F0E3ED100B64FBB /* AndroidLikeTab.app */,
			);
			name = Products;
			sourceTree = "<group>";
		};
		84FC9F001F0E608B00B64FBB /* AndroidLikeTab */ = {
			isa = PBXGroup;
			children = (
				84FC9F121F0E616500B64FBB /* Base.lproj */,
				84FC9F011F0E609800B64FBB /* AppDelegate.swift */,
				84FC9F021F0E609800B64FBB /* Assets.xcassets */,
				84FC9F041F0E609800B64FBB /* ChildExampleViewController.swift */,
				84FC9F051F0E609800B64FBB /* Info.plist */,
				84FC9F061F0E609800B64FBB /* ViewController.swift */,
				84FC9F071F0E609800B64FBB /* XLPagerTabStrip.framework */,
			);
			name = AndroidLikeTab;
			sourceTree = "<group>";
		};
		84FC9F121F0E616500B64FBB /* Base.lproj */ = {
			isa = PBXGroup;
			children = (
				84FC9F131F0E616E00B64FBB /* LaunchScreen.storyboard */,
				84FC9F151F0E616E00B64FBB /* Main.storyboard */,
			);
			name = Base.lproj;
			sourceTree = "<group>";
		};
/* End PBXGroup section */

/* Begin PBXNativeTarget section */
		84FC9EE11F0E3ED100B64FBB /* AndroidLikeTab */ = {
			isa = PBXNativeTarget;
			buildConfigurationList = 84FC9EF41F0E3ED100B64FBB /* Build configuration list for PBXNativeTarget "AndroidLikeTab" */;
			buildPhases = (
				84FC9EDE1F0E3ED100B64FBB /* Sources */,
				84FC9EDF1F0E3ED100B64FBB /* Frameworks */,
				84FC9EE01F0E3ED100B64FBB /* Resources */,
				84FC9EFB1F0E3F8A00B64FBB /* Embed Frameworks */,
			);
			buildRules = (
			);
			dependencies = (
			);
			name = AndroidLikeTab;
			productName = test;
			productReference = 84FC9EE21F0E3ED100B64FBB /* AndroidLikeTab.app */;
			productType = "com.apple.product-type.application";
		};
/* End PBXNativeTarget section */

/* Begin PBXProject section */
		84FC9EDA1F0E3ED100B64FBB /* Project object */ = {
			isa = PBXProject;
			attributes = {
				LastSwiftUpdateCheck = 0830;
				LastUpgradeCheck = 0830;
				ORGANIZATIONNAME = "Akash Singh Sisodia";
				TargetAttributes = {
					84FC9EE11F0E3ED100B64FBB = {
						CreatedOnToolsVersion = 8.3.2;
						ProvisioningStyle = Automatic;
					};
				};
			};
			buildConfigurationList = 84FC9EDD1F0E3ED100B64FBB /* Build configuration list for PBXProject "AndroidLikeTab" */;
			compatibilityVersion = "Xcode 3.2";
			developmentRegion = English;
			hasScannedForEncodings = 0;
			knownRegions = (
				en,
				Base,
			);
			mainGroup = 84FC9ED91F0E3ED100B64FBB;
			productRefGroup = 84FC9EE31F0E3ED100B64FBB /* Products */;
			projectDirPath = "";
			projectRoot = "";
			targets = (
				84FC9EE11F0E3ED100B64FBB /* AndroidLikeTab */,
			);
		};
/* End PBXProject section */

/* Begin PBXResourcesBuildPhase section */
		84FC9EE01F0E3ED100B64FBB /* Resources */ = {
			isa = PBXResourcesBuildPhase;
			buildActionMask = 2147483647;
			files = (
				84FC9F0F1F0E60E600B64FBB /* Info.plist in Resources */,
				84FC9F181F0E616E00B64FBB /* Main.storyboard in Resources */,
				84FC9F171F0E616E00B64FBB /* LaunchScreen.storyboard in Resources */,
				84FC9F091F0E609800B64FBB /* Assets.xcassets in Resources */,
			);
			runOnlyForDeploymentPostprocessing = 0;
		};
/* End PBXResourcesBuildPhase section */

/* Begin PBXSourcesBuildPhase section */
		84FC9EDE1F0E3ED100B64FBB /* Sources */ = {
			isa = PBXSourcesBuildPhase;
			buildActionMask = 2147483647;
			files = (
				84FC9F0D1F0E609800B64FBB /* ViewController.swift in Sources */,
				84FC9F0B1F0E609800B64FBB /* ChildExampleViewController.swift in Sources */,
				84FC9F081F0E609800B64FBB /* AppDelegate.swift in Sources */,
			);
			runOnlyForDeploymentPostprocessing = 0;
		};
/* End PBXSourcesBuildPhase section */

/* Begin PBXVariantGroup section */
		84FC9F131F0E616E00B64FBB /* LaunchScreen.storyboard */ = {
			isa = PBXVariantGroup;
			children = (
				84FC9F141F0E616E00B64FBB /* Base */,
			);
			name = LaunchScreen.storyboard;
			sourceTree = "<group>";
		};
		84FC9F151F0E616E00B64FBB /* Main.storyboard */ = {
			isa = PBXVariantGroup;
			children = (
				84FC9F161F0E616E00B64FBB /* Base */,
			);
			name = Main.storyboard;
			sourceTree = "<group>";
		};
/* End PBXVariantGroup section */

/* Begin XCBuildConfiguration section */
		84FC9EF21F0E3ED100B64FBB /* Debug */ = {
			isa = XCBuildConfiguration;
			buildSettings = {
				ALWAYS_SEARCH_USER_PATHS = NO;
				CLANG_ANALYZER_NONNULL = YES;
				CLANG_ANALYZER_NUMBER_OBJECT_CONVERSION = YES_AGGRESSIVE;
				CLANG_CXX_LANGUAGE_STANDARD = "gnu++0x";
				CLANG_CXX_LIBRARY = "libc++";
				CLANG_ENABLE_MODULES = YES;
				CLANG_ENABLE_OBJC_ARC = YES;
				CLANG_WARN_BOOL_CONVERSION = YES;
				CLANG_WARN_CONSTANT_CONVERSION = YES;
				CLANG_WARN_DIRECT_OBJC_ISA_USAGE = YES_ERROR;
				CLANG_WARN_DOCUMENTATION_COMMENTS = YES;
				CLANG_WARN_EMPTY_BODY = YES;
				CLANG_WARN_ENUM_CONVERSION = YES;
				CLANG_WARN_INFINITE_RECURSION = YES;
				CLANG_WARN_INT_CONVERSION = YES;
				CLANG_WARN_OBJC_ROOT_CLASS = YES_ERROR;
				CLANG_WARN_SUSPICIOUS_MOVE = YES;
				CLANG_WARN_UNREACHABLE_CODE = YES;
				CLANG_WARN__DUPLICATE_METHOD_MATCH = YES;
				"CODE_SIGN_IDENTITY[sdk=iphoneos*]" = "iPhone Developer";
				COPY_PHASE_STRIP = NO;
				DEBUG_INFORMATION_FORMAT = dwarf;
				ENABLE_STRICT_OBJC_MSGSEND = YES;
				ENABLE_TESTABILITY = YES;
				GCC_C_LANGUAGE_STANDARD = gnu99;
				GCC_DYNAMIC_NO_PIC = NO;
				GCC_NO_COMMON_BLOCKS = YES;
				GCC_OPTIMIZATION_LEVEL = 0;
				GCC_PREPROCESSOR_DEFINITIONS = (
					"DEBUG=1",
					"$(inherited)",
				);
				GCC_WARN_64_TO_32_BIT_CONVERSION = YES;
				GCC_WARN_ABOUT_RETURN_TYPE = YES_ERROR;
				GCC_WARN_UNDECLARED_SELECTOR = YES;
				GCC_WARN_UNINITIALIZED_AUTOS = YES_AGGRESSIVE;
				GCC_WARN_UNUSED_FUNCTION = YES;
				GCC_WARN_UNUSED_VARIABLE = YES;
				IPHONEOS_DEPLOYMENT_TARGET = 10.3;
				MTL_ENABLE_DEBUG_INFO = YES;
				ONLY_ACTIVE_ARCH = YES;
				SDKROOT = iphoneos;
				SWIFT_ACTIVE_COMPILATION_CONDITIONS = DEBUG;
				SWIFT_OPTIMIZATION_LEVEL = "-Onone";
			};
			name = Debug;
		};
		84FC9EF31F0E3ED100B64FBB /* Release */ = {
			isa = XCBuildConfiguration;
			buildSettings = {
				ALWAYS_SEARCH_USER_PATHS = NO;
				CLANG_ANALYZER_NONNULL = YES;
				CLANG_ANALYZER_NUMBER_OBJECT_CONVERSION = YES_AGGRESSIVE;
				CLANG_CXX_LANGUAGE_STANDARD = "gnu++0x";
				CLANG_CXX_LIBRARY = "libc++";
				CLANG_ENABLE_MODULES = YES;
				CLANG_ENABLE_OBJC_ARC = YES;
				CLANG_WARN_BOOL_CONVERSION = YES;
				CLANG_WARN_CONSTANT_CONVERSION = YES;
				CLANG_WARN_DIRECT_OBJC_ISA_USAGE = YES_ERROR;
				CLANG_WARN_DOCUMENTATION_COMMENTS = YES;
				CLANG_WARN_EMPTY_BODY = YES;
				CLANG_WARN_ENUM_CONVERSION = YES;
				CLANG_WARN_INFINITE_RECURSION = YES;
				CLANG_WARN_INT_CONVERSION = YES;
				CLANG_WARN_OBJC_ROOT_CLASS = YES_ERROR;
				CLANG_WARN_SUSPICIOUS_MOVE = YES;
				CLANG_WARN_UNREACHABLE_CODE = YES;
				CLANG_WARN__DUPLICATE_METHOD_MATCH = YES;
				"CODE_SIGN_IDENTITY[sdk=iphoneos*]" = "iPhone Developer";
				COPY_PHASE_STRIP = NO;
				DEBUG_INFORMATION_FORMAT = "dwarf-with-dsym";
				ENABLE_NS_ASSERTIONS = NO;
				ENABLE_STRICT_OBJC_MSGSEND = YES;
				GCC_C_LANGUAGE_STANDARD = gnu99;
				GCC_NO_COMMON_BLOCKS = YES;
				GCC_WARN_64_TO_32_BIT_CONVERSION = YES;
				GCC_WARN_ABOUT_RETURN_TYPE = YES_ERROR;
				GCC_WARN_UNDECLARED_SELECTOR = YES;
				GCC_WARN_UNINITIALIZED_AUTOS = YES_AGGRESSIVE;
				GCC_WARN_UNUSED_FUNCTION = YES;
				GCC_WARN_UNUSED_VARIABLE = YES;
				IPHONEOS_DEPLOYMENT_TARGET = 10.3;
				MTL_ENABLE_DEBUG_INFO = NO;
				SDKROOT = iphoneos;
				SWIFT_OPTIMIZATION_LEVEL = "-Owholemodule";
				VALIDATE_PRODUCT = YES;
			};
			name = Release;
		};
		84FC9EF51F0E3ED100B64FBB /* Debug */ = {
			isa = XCBuildConfiguration;
			buildSettings = {
				ASSETCATALOG_COMPILER_APPICON_NAME = AppIcon;
				DEVELOPMENT_TEAM = "";
				FRAMEWORK_SEARCH_PATHS = (
					"$(inherited)",
					"$(PROJECT_DIR)/test",
					"$(PROJECT_DIR)/AndroidLikeTab",
				);
				INFOPLIST_FILE = "$(SRCROOT)/AndroidLikeTab/Info.plist";
				LD_RUNPATH_SEARCH_PATHS = "$(inherited) @executable_path/Frameworks";
				PRODUCT_BUNDLE_IDENTIFIER = com.akash.AndroidLikeTab;
				PRODUCT_NAME = "$(TARGET_NAME)";
				SWIFT_VERSION = 3.0;
			};
			name = Debug;
		};
		84FC9EF61F0E3ED100B64FBB /* Release */ = {
			isa = XCBuildConfiguration;
			buildSettings = {
				ASSETCATALOG_COMPILER_APPICON_NAME = AppIcon;
				DEVELOPMENT_TEAM = "";
				FRAMEWORK_SEARCH_PATHS = (
					"$(inherited)",
					"$(PROJECT_DIR)/test",
					"$(PROJECT_DIR)/AndroidLikeTab",
				);
				INFOPLIST_FILE = "$(SRCROOT)/AndroidLikeTab/Info.plist";
				LD_RUNPATH_SEARCH_PATHS = "$(inherited) @executable_path/Frameworks";
				PRODUCT_BUNDLE_IDENTIFIER = com.akash.AndroidLikeTab;
				PRODUCT_NAME = "$(TARGET_NAME)";
				SWIFT_VERSION = 3.0;
			};
			name = Release;
		};
/* End XCBuildConfiguration section */

/* Begin XCConfigurationList section */
		84FC9EDD1F0E3ED100B64FBB /* Build configuration list for PBXProject "AndroidLikeTab" */ = {
			isa = XCConfigurationList;
			buildConfigurations = (
				84FC9EF21F0E3ED100B64FBB /* Debug */,
				84FC9EF31F0E3ED100B64FBB /* Release */,
			);
			defaultConfigurationIsVisible = 0;
			defaultConfigurationName = Release;
		};
		84FC9EF41F0E3ED100B64FBB /* Build configuration list for PBXNativeTarget "AndroidLikeTab" */ = {
			isa = XCConfigurationList;
			buildConfigurations = (
				84FC9EF51F0E3ED100B64FBB /* Debug */,
				84FC9EF61F0E3ED100B64FBB /* Release */,
			);
			defaultConfigurationIsVisible = 0;
			defaultConfigurationName = Release;
		};
/* End XCConfigurationList section */
	};
	rootObject = 84FC9EDA1F0E3ED100B64FBB /* Project object */;
}
